
Microsoft Visual Studio Solution File, Format Version 12.00
# Visual Studio Version 17
VisualStudioVersion = 17.7.34302.85
MinimumVisualStudioVersion = 10.0.40219.1
Project("{FAE04EC0-301F-11D3-BF4B-00C04F79EFBC}") = "ReverseString", "ReverseString\ReverseString.csproj", "{591D1392-D6A9-41E1-97DC-263BDA9FADC3}"
EndProject
Global
	GlobalSection(SolutionConfigurationPlatforms) = preSolution
		Debug|Any CPU = Debug|Any CPU
		Release|Any CPU = Release|Any CPU
	EndGlobalSection
	GlobalSection(ProjectConfigurationPlatforms) = postSolution
		{591D1392-D6A9-41E1-97DC-263BDA9FADC3}.Debug|Any CPU.ActiveCfg = Debug|Any CPU
		{591D1392-D6A9-41E1-97DC-263BDA9FADC3}.Debug|Any CPU.Build.0 = Debug|Any CPU
		{591D1392-D6A9-41E1-97DC-263BDA9FADC3}.Release|Any CPU.ActiveCfg = Release|Any CPU
		{591D1392-D6A9-41E1-97DC-263BDA9FADC3}.Release|Any CPU.Build.0 = Release|Any CPU
	EndGlobalSection
	GlobalSection(SolutionProperties) = preSolution
		HideSolutionNode = FALSE
	EndGlobalSection
	GlobalSection(ExtensibilityGlobals) = postSolution
		SolutionGuid = {8B73F754-FC51-4CB0-89D6-A5BCBD89A1A3}
	EndGlobalSection
EndGlobal
